
Microsoft Visual Studio Solution File, Format Version 12.00
# Visual Studio Version 17
VisualStudioVersion = 17.5.2.0
MinimumVisualStudioVersion = 10.0.40219.1
Project("{FAE04EC0-301F-11D3-BF4B-00C04F79EFBC}") = "study-mentor-api", "study-mentor-api\study-mentor-api.csproj", "{19935729-73F3-1678-D85E-8DF076CA3742}"
EndProject
Project("{FAE04EC0-301F-11D3-BF4B-00C04F79EFBC}") = "dotnetlab5", "..\..\..\source\repos\dotnetlab5\dotnetlab5.csproj", "{8C9E52E9-594B-4317-AE17-7982E9ADD115}"
EndProject
Project("{FAE04EC0-301F-11D3-BF4B-00C04F79EFBC}") = "dotnetlab7chat", "..\..\..\source\repos\dotnetlab7chat\dotnetlab7chat.csproj", "{660E0C05-7F93-49EC-86FC-A2E8C3BF4935}"
EndProject
Global
	GlobalSection(SolutionConfigurationPlatforms) = preSolution
		Debug|Any CPU = Debug|Any CPU
		Debug|x64 = Debug|x64
		Debug|x86 = Debug|x86
		Release|Any CPU = Release|Any CPU
		Release|x64 = Release|x64
		Release|x86 = Release|x86
	EndGlobalSection
	GlobalSection(ProjectConfigurationPlatforms) = postSolution
		{19935729-73F3-1678-D85E-8DF076CA3742}.Debug|Any CPU.ActiveCfg = Debug|Any CPU
		{19935729-73F3-1678-D85E-8DF076CA3742}.Debug|Any CPU.Build.0 = Debug|Any CPU
		{19935729-73F3-1678-D85E-8DF076CA3742}.Debug|x64.ActiveCfg = Debug|Any CPU
		{19935729-73F3-1678-D85E-8DF076CA3742}.Debug|x64.Build.0 = Debug|Any CPU
		{19935729-73F3-1678-D85E-8DF076CA3742}.Debug|x86.ActiveCfg = Debug|Any CPU
		{19935729-73F3-1678-D85E-8DF076CA3742}.Debug|x86.Build.0 = Debug|Any CPU
		{19935729-73F3-1678-D85E-8DF076CA3742}.Release|Any CPU.ActiveCfg = Release|Any CPU
		{19935729-73F3-1678-D85E-8DF076CA3742}.Release|Any CPU.Build.0 = Release|Any CPU
		{19935729-73F3-1678-D85E-8DF076CA3742}.Release|x64.ActiveCfg = Release|Any CPU
		{19935729-73F3-1678-D85E-8DF076CA3742}.Release|x64.Build.0 = Release|Any CPU
		{19935729-73F3-1678-D85E-8DF076CA3742}.Release|x86.ActiveCfg = Release|Any CPU
		{19935729-73F3-1678-D85E-8DF076CA3742}.Release|x86.Build.0 = Release|Any CPU
		{8C9E52E9-594B-4317-AE17-7982E9ADD115}.Debug|Any CPU.ActiveCfg = Debug|Any CPU
		{8C9E52E9-594B-4317-AE17-7982E9ADD115}.Debug|Any CPU.Build.0 = Debug|Any CPU
		{8C9E52E9-594B-4317-AE17-7982E9ADD115}.Debug|x64.ActiveCfg = Debug|Any CPU
		{8C9E52E9-594B-4317-AE17-7982E9ADD115}.Debug|x64.Build.0 = Debug|Any CPU
		{8C9E52E9-594B-4317-AE17-7982E9ADD115}.Debug|x86.ActiveCfg = Debug|Any CPU
		{8C9E52E9-594B-4317-AE17-7982E9ADD115}.Debug|x86.Build.0 = Debug|Any CPU
		{8C9E52E9-594B-4317-AE17-7982E9ADD115}.Release|Any CPU.ActiveCfg = Release|Any CPU
		{8C9E52E9-594B-4317-AE17-7982E9ADD115}.Release|Any CPU.Build.0 = Release|Any CPU
		{8C9E52E9-594B-4317-AE17-7982E9ADD115}.Release|x64.ActiveCfg = Release|Any CPU
		{8C9E52E9-594B-4317-AE17-7982E9ADD115}.Release|x64.Build.0 = Release|Any CPU
		{8C9E52E9-594B-4317-AE17-7982E9ADD115}.Release|x86.ActiveCfg = Release|Any CPU
		{8C9E52E9-594B-4317-AE17-7982E9ADD115}.Release|x86.Build.0 = Release|Any CPU
		{660E0C05-7F93-49EC-86FC-A2E8C3BF4935}.Debug|Any CPU.ActiveCfg = Debug|Any CPU
		{660E0C05-7F93-49EC-86FC-A2E8C3BF4935}.Debug|Any CPU.Build.0 = Debug|Any CPU
		{660E0C05-7F93-49EC-86FC-A2E8C3BF4935}.Debug|x64.ActiveCfg = Debug|Any CPU
		{660E0C05-7F93-49EC-86FC-A2E8C3BF4935}.Debug|x64.Build.0 = Debug|Any CPU
		{660E0C05-7F93-49EC-86FC-A2E8C3BF4935}.Debug|x86.ActiveCfg = Debug|Any CPU
		{660E0C05-7F93-49EC-86FC-A2E8C3BF4935}.Debug|x86.Build.0 = Debug|Any CPU
		{660E0C05-7F93-49EC-86FC-A2E8C3BF4935}.Release|Any CPU.ActiveCfg = Release|Any CPU
		{660E0C05-7F93-49EC-86FC-A2E8C3BF4935}.Release|Any CPU.Build.0 = Release|Any CPU
		{660E0C05-7F93-49EC-86FC-A2E8C3BF4935}.Release|x64.ActiveCfg = Release|Any CPU
		{660E0C05-7F93-49EC-86FC-A2E8C3BF4935}.Release|x64.Build.0 = Release|Any CPU
		{660E0C05-7F93-49EC-86FC-A2E8C3BF4935}.Release|x86.ActiveCfg = Release|Any CPU
		{660E0C05-7F93-49EC-86FC-A2E8C3BF4935}.Release|x86.Build.0 = Release|Any CPU
	EndGlobalSection
	GlobalSection(SolutionProperties) = preSolution
		HideSolutionNode = FALSE
	EndGlobalSection
	GlobalSection(ExtensibilityGlobals) = postSolution
		SolutionGuid = {D52AD307-C49D-4E36-AF13-FAEAE46D76A4}
	EndGlobalSection
EndGlobal
