Microsoft Visual Studio Solution File, Format Version 12.00
# Visual Studio Version 17
VisualStudioVersion = 17.5.2.0
MinimumVisualStudioVersion = 10.0.40219.1
Project("{FAE04EC0-301F-11D3-BF4B-00C04F79EFBC}") = "study-mentor-api", "study-mentor-api\study-mentor-api.csproj", "{19935729-73F3-1678-D85E-8DF076CA3742}"
EndProject
Global
	GlobalSection(SolutionConfigurationPlatforms) = preSolution
		Debug|Any CPU = Debug|Any CPU
		Release|Any CPU = Release|Any CPU
	EndGlobalSection
	GlobalSection(ProjectConfigurationPlatforms) = postSolution
		{19935729-73F3-1678-D85E-8DF076CA3742}.Debug|Any CPU.ActiveCfg = Debug|Any CPU
		{19935729-73F3-1678-D85E-8DF076CA3742}.Debug|Any CPU.Build.0 = Debug|Any CPU
		{19935729-73F3-1678-D85E-8DF076CA3742}.Release|Any CPU.ActiveCfg = Release|Any CPU
		{19935729-73F3-1678-D85E-8DF076CA3742}.Release|Any CPU.Build.0 = Release|Any CPU
	EndGlobalSection
	GlobalSection(SolutionProperties) = preSolution
		HideSolutionNode = FALSE
	EndGlobalSection
	GlobalSection(ExtensibilityGlobals) = postSolution
		SolutionGuid = {D52AD307-C49D-4E36-AF13-FAEAE46D76A4}
	EndGlobalSection
EndGlobal
